
Microsoft Visual Studio Solution File, Format Version 12.00
# Visual Studio Version 17
VisualStudioVersion = 17.7.34031.279
MinimumVisualStudioVersion = 10.0.40219.1
Project("{FAE04EC0-301F-11D3-BF4B-00C04F79EFBC}") = "NZWalks.API", "NZWalks.API\NZWalks.API.csproj", "{A5E1DEF6-5B68-415B-B974-29D9D36401A1}"
EndProject
Global
	GlobalSection(SolutionConfigurationPlatforms) = preSolution
		Debug|Any CPU = Debug|Any CPU
		Release|Any CPU = Release|Any CPU
	EndGlobalSection
	GlobalSection(ProjectConfigurationPlatforms) = postSolution
		{A5E1DEF6-5B68-415B-B974-29D9D36401A1}.Debug|Any CPU.ActiveCfg = Debug|Any CPU
		{A5E1DEF6-5B68-415B-B974-29D9D36401A1}.Debug|Any CPU.Build.0 = Debug|Any CPU
		{A5E1DEF6-5B68-415B-B974-29D9D36401A1}.Release|Any CPU.ActiveCfg = Release|Any CPU
		{A5E1DEF6-5B68-415B-B974-29D9D36401A1}.Release|Any CPU.Build.0 = Release|Any CPU
	EndGlobalSection
	GlobalSection(SolutionProperties) = preSolution
		HideSolutionNode = FALSE
	EndGlobalSection
	GlobalSection(ExtensibilityGlobals) = postSolution
		SolutionGuid = {B4907D42-9274-4C36-84F4-525FC0FE2D1F}
	EndGlobalSection
EndGlobal
